Microsoft Visual Studio Solution File, Format Version 12.00
# Visual Studio Version 17
VisualStudioVersion = 17.5.2.0
MinimumVisualStudioVersion = 10.0.40219.1
Project("{FAE04EC0-301F-11D3-BF4B-00C04F79EFBC}") = "MI_MCP", "MI_MCP\MI_MCP.csproj", "{937C7DA2-A475-64F1-308E-831EDA5D5BA7}"
EndProject
Global
	GlobalSection(SolutionConfigurationPlatforms) = preSolution
		Debug|Any CPU = Debug|Any CPU
		Release|Any CPU = Release|Any CPU
	EndGlobalSection
	GlobalSection(ProjectConfigurationPlatforms) = postSolution
		{937C7DA2-A475-64F1-308E-831EDA5D5BA7}.Debug|Any CPU.ActiveCfg = Debug|Any CPU
		{937C7DA2-A475-64F1-308E-831EDA5D5BA7}.Debug|Any CPU.Build.0 = Debug|Any CPU
		{937C7DA2-A475-64F1-308E-831EDA5D5BA7}.Release|Any CPU.ActiveCfg = Release|Any CPU
		{937C7DA2-A475-64F1-308E-831EDA5D5BA7}.Release|Any CPU.Build.0 = Release|Any CPU
	EndGlobalSection
	GlobalSection(SolutionProperties) = preSolution
		HideSolutionNode = FALSE
	EndGlobalSection
	GlobalSection(ExtensibilityGlobals) = postSolution
		SolutionGuid = {6978A338-ED74-4D15-B59A-CF7E21657B71}
	EndGlobalSection
EndGlobal
